
Microsoft Visual Studio Solution File, Format Version 12.00
# Visual Studio Version 16
VisualStudioVersion = 16.0.30128.74
MinimumVisualStudioVersion = 10.0.40219.1
Project("{9A19103F-16F7-4668-BE54-9A1E7A4F7556}") = "TeacherEvaluation.Application", "TeacherEvaluation.Application\TeacherEvaluation.Application.csproj", "{774AA10D-ABC4-441A-BA26-4FCF321F8B23}"
EndProject
Project("{9A19103F-16F7-4668-BE54-9A1E7A4F7556}") = "TeacherEvaluation.DataAccess", "TeacherEvaluation.DataAccess\TeacherEvaluation.DataAccess.csproj", "{8287ABF2-6188-4DDF-870C-229368CF8B69}"
EndProject
Project("{9A19103F-16F7-4668-BE54-9A1E7A4F7556}") = "TeacherEvaluation.Domain", "TeacherEvaluation.Domain\TeacherEvaluation.Domain.csproj", "{5A552243-3AF0-4C87-9EA6-8B0B1C5EE839}"
EndProject
Project("{9A19103F-16F7-4668-BE54-9A1E7A4F7556}") = "TeacherEvaluation.BusinessLogic", "TeacherEvaluation.BusinessLogic\TeacherEvaluation.BusinessLogic.csproj", "{6C2FBC46-B712-4223-B8F8-16F1F3759C19}"
EndProject
Project("{9A19103F-16F7-4668-BE54-9A1E7A4F7556}") = "TeacherEvaluation.EmailSender", "TeacherEvaluation.EmailSender\TeacherEvaluation.EmailSender.csproj", "{9EE613D0-787A-48A6-9299-216376073814}"
EndProject
Global
	GlobalSection(SolutionConfigurationPlatforms) = preSolution
		Debug|Any CPU = Debug|Any CPU
		Release|Any CPU = Release|Any CPU
	EndGlobalSection
	GlobalSection(ProjectConfigurationPlatforms) = postSolution
		{774AA10D-ABC4-441A-BA26-4FCF321F8B23}.Debug|Any CPU.ActiveCfg = Debug|Any CPU
		{774AA10D-ABC4-441A-BA26-4FCF321F8B23}.Debug|Any CPU.Build.0 = Debug|Any CPU
		{774AA10D-ABC4-441A-BA26-4FCF321F8B23}.Release|Any CPU.ActiveCfg = Release|Any CPU
		{774AA10D-ABC4-441A-BA26-4FCF321F8B23}.Release|Any CPU.Build.0 = Release|Any CPU
		{8287ABF2-6188-4DDF-870C-229368CF8B69}.Debug|Any CPU.ActiveCfg = Debug|Any CPU
		{8287ABF2-6188-4DDF-870C-229368CF8B69}.Debug|Any CPU.Build.0 = Debug|Any CPU
		{8287ABF2-6188-4DDF-870C-229368CF8B69}.Release|Any CPU.ActiveCfg = Release|Any CPU
		{8287ABF2-6188-4DDF-870C-229368CF8B69}.Release|Any CPU.Build.0 = Release|Any CPU
		{5A552243-3AF0-4C87-9EA6-8B0B1C5EE839}.Debug|Any CPU.ActiveCfg = Debug|Any CPU
		{5A552243-3AF0-4C87-9EA6-8B0B1C5EE839}.Debug|Any CPU.Build.0 = Debug|Any CPU
		{5A552243-3AF0-4C87-9EA6-8B0B1C5EE839}.Release|Any CPU.ActiveCfg = Release|Any CPU
		{5A552243-3AF0-4C87-9EA6-8B0B1C5EE839}.Release|Any CPU.Build.0 = Release|Any CPU
		{6C2FBC46-B712-4223-B8F8-16F1F3759C19}.Debug|Any CPU.ActiveCfg = Debug|Any CPU
		{6C2FBC46-B712-4223-B8F8-16F1F3759C19}.Debug|Any CPU.Build.0 = Debug|Any CPU
		{6C2FBC46-B712-4223-B8F8-16F1F3759C19}.Release|Any CPU.ActiveCfg = Release|Any CPU
		{6C2FBC46-B712-4223-B8F8-16F1F3759C19}.Release|Any CPU.Build.0 = Release|Any CPU
		{9EE613D0-787A-48A6-9299-216376073814}.Debug|Any CPU.ActiveCfg = Debug|Any CPU
		{9EE613D0-787A-48A6-9299-216376073814}.Debug|Any CPU.Build.0 = Debug|Any CPU
		{9EE613D0-787A-48A6-9299-216376073814}.Release|Any CPU.ActiveCfg = Release|Any CPU
		{9EE613D0-787A-48A6-9299-216376073814}.Release|Any CPU.Build.0 = Release|Any CPU
	EndGlobalSection
	GlobalSection(SolutionProperties) = preSolution
		HideSolutionNode = FALSE
	EndGlobalSection
	GlobalSection(ExtensibilityGlobals) = postSolution
		SolutionGuid = {D9903DBC-516C-4C78-BE30-C84E2F636937}
	EndGlobalSection
EndGlobal
